
Microsoft Visual Studio Solution File, Format Version 12.00
# Visual Studio Version 17
VisualStudioVersion = 17.9.34728.123
MinimumVisualStudioVersion = 10.0.40219.1
Project("{FAE04EC0-301F-11D3-BF4B-00C04F79EFBC}") = "DIPatternDemo", "DIPatternDemo\DIPatternDemo.csproj", "{0760E8ED-3D6B-4BEE-89ED-6FD184E8D299}"
EndProject
Global
	GlobalSection(SolutionConfigurationPlatforms) = preSolution
		Debug|Any CPU = Debug|Any CPU
		Release|Any CPU = Release|Any CPU
	EndGlobalSection
	GlobalSection(ProjectConfigurationPlatforms) = postSolution
		{0760E8ED-3D6B-4BEE-89ED-6FD184E8D299}.Debug|Any CPU.ActiveCfg = Debug|Any CPU
		{0760E8ED-3D6B-4BEE-89ED-6FD184E8D299}.Debug|Any CPU.Build.0 = Debug|Any CPU
		{0760E8ED-3D6B-4BEE-89ED-6FD184E8D299}.Release|Any CPU.ActiveCfg = Release|Any CPU
		{0760E8ED-3D6B-4BEE-89ED-6FD184E8D299}.Release|Any CPU.Build.0 = Release|Any CPU
	EndGlobalSection
	GlobalSection(SolutionProperties) = preSolution
		HideSolutionNode = FALSE
	EndGlobalSection
	GlobalSection(ExtensibilityGlobals) = postSolution
		SolutionGuid = {AAC32B0E-7CF9-4D42-9AA1-9669F303EAC6}
	EndGlobalSection
EndGlobal
